// !$*UTF8*$!
{
	archiveVersion = 1;
	classes = {
	};
	objectVersion = 55;
	objects = {

/* Begin PBXBuildFile section */
		25953145275C62EE42176C28 /* Pods_Weather.framework in Frameworks */ = {isa = PBXBuildFile; fileRef = 0491EF280670A38323918BAD /* Pods_Weather.framework */; };
		57CEA14B299BC3250035B463 /* AppDelegate.swift in Sources */ = {isa = PBXBuildFile; fileRef = 57CEA14A299BC3250035B463 /* AppDelegate.swift */; };
		57CEA14D299BC3250035B463 /* SceneDelegate.swift in Sources */ = {isa = PBXBuildFile; fileRef = 57CEA14C299BC3250035B463 /* SceneDelegate.swift */; };
		57CEA14F299BC3250035B463 /* ViewController.swift in Sources */ = {isa = PBXBuildFile; fileRef = 57CEA14E299BC3250035B463 /* ViewController.swift */; };
		57CEA152299BC3250035B463 /* Main.storyboard in Resources */ = {isa = PBXBuildFile; fileRef = 57CEA150299BC3250035B463 /* Main.storyboard */; };
		57CEA154299BC3290035B463 /* Assets.xcassets in Resources */ = {isa = PBXBuildFile; fileRef = 57CEA153299BC3290035B463 /* Assets.xcassets */; };
		57CEA157299BC3290035B463 /* LaunchScreen.storyboard in Resources */ = {isa = PBXBuildFile; fileRef = 57CEA155299BC3290035B463 /* LaunchScreen.storyboard */; };
		57CEA163299BD1E10035B463 /* WeatherViewModel.swift in Sources */ = {isa = PBXBuildFile; fileRef = 57CEA162299BD1E10035B463 /* WeatherViewModel.swift */; };
		57CEA166299BD2F80035B463 /* NetworkManager.swift in Sources */ = {isa = PBXBuildFile; fileRef = 57CEA165299BD2F80035B463 /* NetworkManager.swift */; };
		57CEA168299BD6300035B463 /* WeatherModel.swift in Sources */ = {isa = PBXBuildFile; fileRef = 57CEA167299BD6300035B463 /* WeatherModel.swift */; };
		57CEA16A299BD6E80035B463 /* NetworkCostants.swift in Sources */ = {isa = PBXBuildFile; fileRef = 57CEA169299BD6E80035B463 /* NetworkCostants.swift */; };
		57CEA16C299BDD600035B463 /* Endpoints.swift in Sources */ = {isa = PBXBuildFile; fileRef = 57CEA16B299BDD600035B463 /* Endpoints.swift */; };
		57CEA16E299C33DB0035B463 /* ServiceError.swift in Sources */ = {isa = PBXBuildFile; fileRef = 57CEA16D299C33DB0035B463 /* ServiceError.swift */; };
/* End PBXBuildFile section */

/* Begin PBXFileReference section */
		0491EF280670A38323918BAD /* Pods_Weather.framework */ = {isa = PBXFileReference; explicitFileType = wrapper.framework; includeInIndex = 0; path = Pods_Weather.framework; sourceTree = BUILT_PRODUCTS_DIR; };
		14CF254D7A279617512D021E /* Pods-Weather.release.xcconfig */ = {isa = PBXFileReference; includeInIndex = 1; lastKnownFileType = text.xcconfig; name = "Pods-Weather.release.xcconfig"; path = "Target Support Files/Pods-Weather/Pods-Weather.release.xcconfig"; sourceTree = "<group>"; };
		37E6330A532380BC509612A4 /* Pods-Weather.debug.xcconfig */ = {isa = PBXFileReference; includeInIndex = 1; lastKnownFileType = text.xcconfig; name = "Pods-Weather.debug.xcconfig"; path = "Target Support Files/Pods-Weather/Pods-Weather.debug.xcconfig"; sourceTree = "<group>"; };
		57CEA147299BC3250035B463 /* Weather.app */ = {isa = PBXFileReference; explicitFileType = wrapper.application; includeInIndex = 0; path = Weather.app; sourceTree = BUILT_PRODUCTS_DIR; };
		57CEA14A299BC3250035B463 /* AppDelegate.swift */ = {isa = PBXFileReference; lastKnownFileType = sourcecode.swift; path = AppDelegate.swift; sourceTree = "<group>"; };
		57CEA14C299BC3250035B463 /* SceneDelegate.swift */ = {isa = PBXFileReference; lastKnownFileType = sourcecode.swift; path = SceneDelegate.swift; sourceTree = "<group>"; };
		57CEA14E299BC3250035B463 /* ViewController.swift */ = {isa = PBXFileReference; lastKnownFileType = sourcecode.swift; path = ViewController.swift; sourceTree = "<group>"; };
		57CEA151299BC3250035B463 /* Base */ = {isa = PBXFileReference; lastKnownFileType = file.storyboard; name = Base; path = Base.lproj/Main.storyboard; sourceTree = "<group>"; };
		57CEA153299BC3290035B463 /* Assets.xcassets */ = {isa = PBXFileReference; lastKnownFileType = folder.assetcatalog; path = Assets.xcassets; sourceTree = "<group>"; };
		57CEA156299BC3290035B463 /* Base */ = {isa = PBXFileReference; lastKnownFileType = file.storyboard; name = Base; path = Base.lproj/LaunchScreen.storyboard; sourceTree = "<group>"; };
		57CEA158299BC3290035B463 /* Info.plist */ = {isa = PBXFileReference; lastKnownFileType = text.plist.xml; path = Info.plist; sourceTree = "<group>"; };
		57CEA162299BD1E10035B463 /* WeatherViewModel.swift */ = {isa = PBXFileReference; lastKnownFileType = sourcecode.swift; path = WeatherViewModel.swift; sourceTree = "<group>"; };
		57CEA165299BD2F80035B463 /* NetworkManager.swift */ = {isa = PBXFileReference; lastKnownFileType = sourcecode.swift; path = NetworkManager.swift; sourceTree = "<group>"; };
		57CEA167299BD6300035B463 /* WeatherModel.swift */ = {isa = PBXFileReference; lastKnownFileType = sourcecode.swift; path = WeatherModel.swift; sourceTree = "<group>"; };
		57CEA169299BD6E80035B463 /* NetworkCostants.swift */ = {isa = PBXFileReference; lastKnownFileType = sourcecode.swift; path = NetworkCostants.swift; sourceTree = "<group>"; };
		57CEA16B299BDD600035B463 /* Endpoints.swift */ = {isa = PBXFileReference; lastKnownFileType = sourcecode.swift; path = Endpoints.swift; sourceTree = "<group>"; };
		57CEA16D299C33DB0035B463 /* ServiceError.swift */ = {isa = PBXFileReference; lastKnownFileType = sourcecode.swift; path = ServiceError.swift; sourceTree = "<group>"; };
/* End PBXFileReference section */

/* Begin PBXFrameworksBuildPhase section */
		57CEA144299BC3250035B463 /* Frameworks */ = {
			isa = PBXFrameworksBuildPhase;
			buildActionMask = 2147483647;
			files = (
				25953145275C62EE42176C28 /* Pods_Weather.framework in Frameworks */,
			);
			runOnlyForDeploymentPostprocessing = 0;
		};
/* End PBXFrameworksBuildPhase section */

/* Begin PBXGroup section */
		57CEA13E299BC3250035B463 = {
			isa = PBXGroup;
			children = (
				57CEA149299BC3250035B463 /* Weather */,
				57CEA148299BC3250035B463 /* Products */,
				ADA059427FCFC3F5D6EBE59A /* Pods */,
				D7D04ACB0619201FD5F02387 /* Frameworks */,
			);
			sourceTree = "<group>";
		};
		57CEA148299BC3250035B463 /* Products */ = {
			isa = PBXGroup;
			children = (
				57CEA147299BC3250035B463 /* Weather.app */,
			);
			name = Products;
			sourceTree = "<group>";
		};
		57CEA149299BC3250035B463 /* Weather */ = {
			isa = PBXGroup;
			children = (
				57CEA164299BD2C80035B463 /* Service */,
				57CEA161299BC48E0035B463 /* Common */,
				57CEA15F299BC4810035B463 /* Model */,
				57CEA15E299BC4760035B463 /* View */,
				57CEA160299BC4860035B463 /* ViewModel */,
				57CEA150299BC3250035B463 /* Main.storyboard */,
				57CEA153299BC3290035B463 /* Assets.xcassets */,
				57CEA155299BC3290035B463 /* LaunchScreen.storyboard */,
				57CEA158299BC3290035B463 /* Info.plist */,
			);
			path = Weather;
			sourceTree = "<group>";
		};
		57CEA15E299BC4760035B463 /* View */ = {
			isa = PBXGroup;
			children = (
				57CEA14E299BC3250035B463 /* ViewController.swift */,
			);
			path = View;
			sourceTree = "<group>";
		};
		57CEA15F299BC4810035B463 /* Model */ = {
			isa = PBXGroup;
			children = (
				57CEA167299BD6300035B463 /* WeatherModel.swift */,
			);
			path = Model;
			sourceTree = "<group>";
		};
		57CEA160299BC4860035B463 /* ViewModel */ = {
			isa = PBXGroup;
			children = (
				57CEA162299BD1E10035B463 /* WeatherViewModel.swift */,
			);
			path = ViewModel;
			sourceTree = "<group>";
		};
		57CEA161299BC48E0035B463 /* Common */ = {
			isa = PBXGroup;
			children = (
				57CEA14A299BC3250035B463 /* AppDelegate.swift */,
				57CEA14C299BC3250035B463 /* SceneDelegate.swift */,
			);
			path = Common;
			sourceTree = "<group>";
		};
		57CEA164299BD2C80035B463 /* Service */ = {
			isa = PBXGroup;
			children = (
				57CEA165299BD2F80035B463 /* NetworkManager.swift */,
				57CEA169299BD6E80035B463 /* NetworkCostants.swift */,
				57CEA16B299BDD600035B463 /* Endpoints.swift */,
				57CEA16D299C33DB0035B463 /* ServiceError.swift */,
			);
			path = Service;
			sourceTree = "<group>";
		};
		ADA059427FCFC3F5D6EBE59A /* Pods */ = {
			isa = PBXGroup;
			children = (
				37E6330A532380BC509612A4 /* Pods-Weather.debug.xcconfig */,
				14CF254D7A279617512D021E /* Pods-Weather.release.xcconfig */,
			);
			path = Pods;
			sourceTree = "<group>";
		};
		D7D04ACB0619201FD5F02387 /* Frameworks */ = {
			isa = PBXGroup;
			children = (
				0491EF280670A38323918BAD /* Pods_Weather.framework */,
			);
			name = Frameworks;
			sourceTree = "<group>";
		};
/* End PBXGroup section */

/* Begin PBXNativeTarget section */
		57CEA146299BC3250035B463 /* Weather */ = {
			isa = PBXNativeTarget;
			buildConfigurationList = 57CEA15B299BC3290035B463 /* Build configuration list for PBXNativeTarget "Weather" */;
			buildPhases = (
				6C50E6E3627ADADAF1E625E7 /* [CP] Check Pods Manifest.lock */,
				57CEA143299BC3250035B463 /* Sources */,
				57CEA144299BC3250035B463 /* Frameworks */,
				57CEA145299BC3250035B463 /* Resources */,
				9977FCD938C7DEF576BAED67 /* [CP] Embed Pods Frameworks */,
			);
			buildRules = (
			);
			dependencies = (
			);
			name = Weather;
			productName = Weather;
			productReference = 57CEA147299BC3250035B463 /* Weather.app */;
			productType = "com.apple.product-type.application";
		};
/* End PBXNativeTarget section */

/* Begin PBXProject section */
		57CEA13F299BC3250035B463 /* Project object */ = {
			isa = PBXProject;
			attributes = {
				BuildIndependentTargetsInParallel = 1;
				LastSwiftUpdateCheck = 1320;
				LastUpgradeCheck = 1320;
				TargetAttributes = {
					57CEA146299BC3250035B463 = {
						CreatedOnToolsVersion = 13.2.1;
					};
				};
			};
			buildConfigurationList = 57CEA142299BC3250035B463 /* Build configuration list for PBXProject "Weather" */;
			compatibilityVersion = "Xcode 13.0";
			developmentRegion = en;
			hasScannedForEncodings = 0;
			knownRegions = (
				en,
				Base,
			);
			mainGroup = 57CEA13E299BC3250035B463;
			productRefGroup = 57CEA148299BC3250035B463 /* Products */;
			projectDirPath = "";
			projectRoot = "";
			targets = (
				57CEA146299BC3250035B463 /* Weather */,
			);
		};
/* End PBXProject section */

/* Begin PBXResourcesBuildPhase section */
		57CEA145299BC3250035B463 /* Resources */ = {
			isa = PBXResourcesBuildPhase;
			buildActionMask = 2147483647;
			files = (
				57CEA157299BC3290035B463 /* LaunchScreen.storyboard in Resources */,
				57CEA154299BC3290035B463 /* Assets.xcassets in Resources */,
				57CEA152299BC3250035B463 /* Main.storyboard in Resources */,
			);
			runOnlyForDeploymentPostprocessing = 0;
		};
/* End PBXResourcesBuildPhase section */

/* Begin PBXShellScriptBuildPhase section */
		6C50E6E3627ADADAF1E625E7 /* [CP] Check Pods Manifest.lock */ = {
			isa = PBXShellScriptBuildPhase;
			buildActionMask = 2147483647;
			files = (
			);
			inputFileListPaths = (
			);
			inputPaths = (
				"${PODS_PODFILE_DIR_PATH}/Podfile.lock",
				"${PODS_ROOT}/Manifest.lock",
			);
			name = "[CP] Check Pods Manifest.lock";
			outputFileListPaths = (
			);
			outputPaths = (
				"$(DERIVED_FILE_DIR)/Pods-Weather-checkManifestLockResult.txt",
			);
			runOnlyForDeploymentPostprocessing = 0;
			shellPath = /bin/sh;
			shellScript = "diff \"${PODS_PODFILE_DIR_PATH}/Podfile.lock\" \"${PODS_ROOT}/Manifest.lock\" > /dev/null\nif [ $? != 0 ] ; then\n    # print error to STDERR\n    echo \"error: The sandbox is not in sync with the Podfile.lock. Run 'pod install' or update your CocoaPods installation.\" >&2\n    exit 1\nfi\n# This output is used by Xcode 'outputs' to avoid re-running this script phase.\necho \"SUCCESS\" > \"${SCRIPT_OUTPUT_FILE_0}\"\n";
			showEnvVarsInLog = 0;
		};
		9977FCD938C7DEF576BAED67 /* [CP] Embed Pods Frameworks */ = {
			isa = PBXShellScriptBuildPhase;
			buildActionMask = 2147483647;
			files = (
			);
			inputFileListPaths = (
				"${PODS_ROOT}/Target Support Files/Pods-Weather/Pods-Weather-frameworks-${CONFIGURATION}-input-files.xcfilelist",
			);
			name = "[CP] Embed Pods Frameworks";
			outputFileListPaths = (
				"${PODS_ROOT}/Target Support Files/Pods-Weather/Pods-Weather-frameworks-${CONFIGURATION}-output-files.xcfilelist",
			);
			runOnlyForDeploymentPostprocessing = 0;
			shellPath = /bin/sh;
			shellScript = "\"${PODS_ROOT}/Target Support Files/Pods-Weather/Pods-Weather-frameworks.sh\"\n";
			showEnvVarsInLog = 0;
		};
/* End PBXShellScriptBuildPhase section */

/* Begin PBXSourcesBuildPhase section */
		57CEA143299BC3250035B463 /* Sources */ = {
			isa = PBXSourcesBuildPhase;
			buildActionMask = 2147483647;
			files = (
				57CEA14F299BC3250035B463 /* ViewController.swift in Sources */,
				57CEA163299BD1E10035B463 /* WeatherViewModel.swift in Sources */,
				57CEA166299BD2F80035B463 /* NetworkManager.swift in Sources */,
				57CEA14B299BC3250035B463 /* AppDelegate.swift in Sources */,
				57CEA16A299BD6E80035B463 /* NetworkCostants.swift in Sources */,
				57CEA168299BD6300035B463 /* WeatherModel.swift in Sources */,
				57CEA16E299C33DB0035B463 /* ServiceError.swift in Sources */,
				57CEA16C299BDD600035B463 /* Endpoints.swift in Sources */,
				57CEA14D299BC3250035B463 /* SceneDelegate.swift in Sources */,
			);
			runOnlyForDeploymentPostprocessing = 0;
		};
/* End PBXSourcesBuildPhase section */

/* Begin PBXVariantGroup section */
		57CEA150299BC3250035B463 /* Main.storyboard */ = {
			isa = PBXVariantGroup;
			children = (
				57CEA151299BC3250035B463 /* Base */,
			);
			name = Main.storyboard;
			sourceTree = "<group>";
		};
		57CEA155299BC3290035B463 /* LaunchScreen.storyboard */ = {
			isa = PBXVariantGroup;
			children = (
				57CEA156299BC3290035B463 /* Base */,
			);
			name = LaunchScreen.storyboard;
			sourceTree = "<group>";
		};
/* End PBXVariantGroup section */

/* Begin XCBuildConfiguration section */
		57CEA159299BC3290035B463 /* Debug */ = {
			isa = XCBuildConfiguration;
			buildSettings = {
				ALWAYS_SEARCH_USER_PATHS = NO;
				CLANG_ANALYZER_NONNULL = YES;
				CLANG_ANALYZER_NUMBER_OBJECT_CONVERSION = YES_AGGRESSIVE;
				CLANG_CXX_LANGUAGE_STANDARD = "gnu++17";
				CLANG_CXX_LIBRARY = "libc++";
				CLANG_ENABLE_MODULES = YES;
				CLANG_ENABLE_OBJC_ARC = YES;
				CLANG_ENABLE_OBJC_WEAK = YES;
				CLANG_WARN_BLOCK_CAPTURE_AUTORELEASING = YES;
				CLANG_WARN_BOOL_CONVERSION = YES;
				CLANG_WARN_COMMA = YES;
				CLANG_WARN_CONSTANT_CONVERSION = YES;
				CLANG_WARN_DEPRECATED_OBJC_IMPLEMENTATIONS = YES;
				CLANG_WARN_DIRECT_OBJC_ISA_USAGE = YES_ERROR;
				CLANG_WARN_DOCUMENTATION_COMMENTS = YES;
				CLANG_WARN_EMPTY_BODY = YES;
				CLANG_WARN_ENUM_CONVERSION = YES;
				CLANG_WARN_INFINITE_RECURSION = YES;
				CLANG_WARN_INT_CONVERSION = YES;
				CLANG_WARN_NON_LITERAL_NULL_CONVERSION = YES;
				CLANG_WARN_OBJC_IMPLICIT_RETAIN_SELF = YES;
				CLANG_WARN_OBJC_LITERAL_CONVERSION = YES;
				CLANG_WARN_OBJC_ROOT_CLASS = YES_ERROR;
				CLANG_WARN_QUOTED_INCLUDE_IN_FRAMEWORK_HEADER = YES;
				CLANG_WARN_RANGE_LOOP_ANALYSIS = YES;
				CLANG_WARN_STRICT_PROTOTYPES = YES;
				CLANG_WARN_SUSPICIOUS_MOVE = YES;
				CLANG_WARN_UNGUARDED_AVAILABILITY = YES_AGGRESSIVE;
				CLANG_WARN_UNREACHABLE_CODE = YES;
				CLANG_WARN__DUPLICATE_METHOD_MATCH = YES;
				COPY_PHASE_STRIP = NO;
				DEBUG_INFORMATION_FORMAT = dwarf;
				ENABLE_STRICT_OBJC_MSGSEND = YES;
				ENABLE_TESTABILITY = YES;
				GCC_C_LANGUAGE_STANDARD = gnu11;
				GCC_DYNAMIC_NO_PIC = NO;
				GCC_NO_COMMON_BLOCKS = YES;
				GCC_OPTIMIZATION_LEVEL = 0;
				GCC_PREPROCESSOR_DEFINITIONS = (
					"DEBUG=1",
					"$(inherited)",
				);
				GCC_WARN_64_TO_32_BIT_CONVERSION = YES;
				GCC_WARN_ABOUT_RETURN_TYPE = YES_ERROR;
				GCC_WARN_UNDECLARED_SELECTOR = YES;
				GCC_WARN_UNINITIALIZED_AUTOS = YES_AGGRESSIVE;
				GCC_WARN_UNUSED_FUNCTION = YES;
				GCC_WARN_UNUSED_VARIABLE = YES;
				IPHONEOS_DEPLOYMENT_TARGET = 15.2;
				MTL_ENABLE_DEBUG_INFO = INCLUDE_SOURCE;
				MTL_FAST_MATH = YES;
				ONLY_ACTIVE_ARCH = YES;
				SDKROOT = iphoneos;
				SWIFT_ACTIVE_COMPILATION_CONDITIONS = DEBUG;
				SWIFT_OPTIMIZATION_LEVEL = "-Onone";
			};
			name = Debug;
		};
		57CEA15A299BC3290035B463 /* Release */ = {
			isa = XCBuildConfiguration;
			buildSettings = {
				ALWAYS_SEARCH_USER_PATHS = NO;
				CLANG_ANALYZER_NONNULL = YES;
				CLANG_ANALYZER_NUMBER_OBJECT_CONVERSION = YES_AGGRESSIVE;
				CLANG_CXX_LANGUAGE_STANDARD = "gnu++17";
				CLANG_CXX_LIBRARY = "libc++";
				CLANG_ENABLE_MODULES = YES;
				CLANG_ENABLE_OBJC_ARC = YES;
				CLANG_ENABLE_OBJC_WEAK = YES;
				CLANG_WARN_BLOCK_CAPTURE_AUTORELEASING = YES;
				CLANG_WARN_BOOL_CONVERSION = YES;
				CLANG_WARN_COMMA = YES;
				CLANG_WARN_CONSTANT_CONVERSION = YES;
				CLANG_WARN_DEPRECATED_OBJC_IMPLEMENTATIONS = YES;
				CLANG_WARN_DIRECT_OBJC_ISA_USAGE = YES_ERROR;
				CLANG_WARN_DOCUMENTATION_COMMENTS = YES;
				CLANG_WARN_EMPTY_BODY = YES;
				CLANG_WARN_ENUM_CONVERSION = YES;
				CLANG_WARN_INFINITE_RECURSION = YES;
				CLANG_WARN_INT_CONVERSION = YES;
				CLANG_WARN_NON_LITERAL_NULL_CONVERSION = YES;
				CLANG_WARN_OBJC_IMPLICIT_RETAIN_SELF = YES;
				CLANG_WARN_OBJC_LITERAL_CONVERSION = YES;
				CLANG_WARN_OBJC_ROOT_CLASS = YES_ERROR;
				CLANG_WARN_QUOTED_INCLUDE_IN_FRAMEWORK_HEADER = YES;
				CLANG_WARN_RANGE_LOOP_ANALYSIS = YES;
				CLANG_WARN_STRICT_PROTOTYPES = YES;
				CLANG_WARN_SUSPICIOUS_MOVE = YES;
				CLANG_WARN_UNGUARDED_AVAILABILITY = YES_AGGRESSIVE;
				CLANG_WARN_UNREACHABLE_CODE = YES;
				CLANG_WARN__DUPLICATE_METHOD_MATCH = YES;
				COPY_PHASE_STRIP = NO;
				DEBUG_INFORMATION_FORMAT = "dwarf-with-dsym";
				ENABLE_NS_ASSERTIONS = NO;
				ENABLE_STRICT_OBJC_MSGSEND = YES;
				GCC_C_LANGUAGE_STANDARD = gnu11;
				GCC_NO_COMMON_BLOCKS = YES;
				GCC_WARN_64_TO_32_BIT_CONVERSION = YES;
				GCC_WARN_ABOUT_RETURN_TYPE = YES_ERROR;
				GCC_WARN_UNDECLARED_SELECTOR = YES;
				GCC_WARN_UNINITIALIZED_AUTOS = YES_AGGRESSIVE;
				GCC_WARN_UNUSED_FUNCTION = YES;
				GCC_WARN_UNUSED_VARIABLE = YES;
				IPHONEOS_DEPLOYMENT_TARGET = 15.2;
				MTL_ENABLE_DEBUG_INFO = NO;
				MTL_FAST_MATH = YES;
				SDKROOT = iphoneos;
				SWIFT_COMPILATION_MODE = wholemodule;
				SWIFT_OPTIMIZATION_LEVEL = "-O";
				VALIDATE_PRODUCT = YES;
			};
			name = Release;
		};
		57CEA15C299BC3290035B463 /* Debug */ = {
			isa = XCBuildConfiguration;
			baseConfigurationReference = 37E6330A532380BC509612A4 /* Pods-Weather.debug.xcconfig */;
			buildSettings = {
				ASSETCATALOG_COMPILER_APPICON_NAME = AppIcon;
				ASSETCATALOG_COMPILER_GLOBAL_ACCENT_COLOR_NAME = AccentColor;
				CODE_SIGN_STYLE = Automatic;
				CURRENT_PROJECT_VERSION = 1;
				DEVELOPMENT_TEAM = BQD43L5A49;
				GENERATE_INFOPLIST_FILE = YES;
				INFOPLIST_FILE = Weather/Info.plist;
				INFOPLIST_KEY_UIApplicationSupportsIndirectInputEvents = YES;
				INFOPLIST_KEY_UILaunchStoryboardName = LaunchScreen;
				INFOPLIST_KEY_UIMainStoryboardFile = Main;
				INFOPLIST_KEY_UISupportedInterfaceOrientations_iPad = "UIInterfaceOrientationPortrait UIInterfaceOrientationPortraitUpsideDown UIInterfaceOrientationLandscapeLeft UIInterfaceOrientationLandscapeRight";
				INFOPLIST_KEY_UISupportedInterfaceOrientations_iPhone = "UIInterfaceOrientationPortrait UIInterfaceOrientationLandscapeLeft UIInterfaceOrientationLandscapeRight";
				IPHONEOS_DEPLOYMENT_TARGET = 15.0;
				LD_RUNPATH_SEARCH_PATHS = (
					"$(inherited)",
					"@executable_path/Frameworks",
				);
				MARKETING_VERSION = 1.0;
				PRODUCT_BUNDLE_IDENTIFIER = com.dreams.Weather;
				PRODUCT_NAME = "$(TARGET_NAME)";
				SWIFT_EMIT_LOC_STRINGS = YES;
				SWIFT_VERSION = 5.0;
				TARGETED_DEVICE_FAMILY = 1;
			};
			name = Debug;
		};
		57CEA15D299BC3290035B463 /* Release */ = {
			isa = XCBuildConfiguration;
			baseConfigurationReference = 14CF254D7A279617512D021E /* Pods-Weather.release.xcconfig */;
			buildSettings = {
				ASSETCATALOG_COMPILER_APPICON_NAME = AppIcon;
				ASSETCATALOG_COMPILER_GLOBAL_ACCENT_COLOR_NAME = AccentColor;
				CODE_SIGN_STYLE = Automatic;
				CURRENT_PROJECT_VERSION = 1;
				DEVELOPMENT_TEAM = BQD43L5A49;
				GENERATE_INFOPLIST_FILE = YES;
				INFOPLIST_FILE = Weather/Info.plist;
				INFOPLIST_KEY_UIApplicationSupportsIndirectInputEvents = YES;
				INFOPLIST_KEY_UILaunchStoryboardName = LaunchScreen;
				INFOPLIST_KEY_UIMainStoryboardFile = Main;
				INFOPLIST_KEY_UISupportedInterfaceOrientations_iPad = "UIInterfaceOrientationPortrait UIInterfaceOrientationPortraitUpsideDown UIInterfaceOrientationLandscapeLeft UIInterfaceOrientationLandscapeRight";
				INFOPLIST_KEY_UISupportedInterfaceOrientations_iPhone = "UIInterfaceOrientationPortrait UIInterfaceOrientationLandscapeLeft UIInterfaceOrientationLandscapeRight";
				IPHONEOS_DEPLOYMENT_TARGET = 15.0;
				LD_RUNPATH_SEARCH_PATHS = (
					"$(inherited)",
					"@executable_path/Frameworks",
				);
				MARKETING_VERSION = 1.0;
				PRODUCT_BUNDLE_IDENTIFIER = com.dreams.Weather;
				PRODUCT_NAME = "$(TARGET_NAME)";
				SWIFT_EMIT_LOC_STRINGS = YES;
				SWIFT_VERSION = 5.0;
				TARGETED_DEVICE_FAMILY = 1;
			};
			name = Release;
		};
/* End XCBuildConfiguration section */

/* Begin XCConfigurationList section */
		57CEA142299BC3250035B463 /* Build configuration list for PBXProject "Weather" */ = {
			isa = XCConfigurationList;
			buildConfigurations = (
				57CEA159299BC3290035B463 /* Debug */,
				57CEA15A299BC3290035B463 /* Release */,
			);
			defaultConfigurationIsVisible = 0;
			defaultConfigurationName = Release;
		};
		57CEA15B299BC3290035B463 /* Build configuration list for PBXNativeTarget "Weather" */ = {
			isa = XCConfigurationList;
			buildConfigurations = (
				57CEA15C299BC3290035B463 /* Debug */,
				57CEA15D299BC3290035B463 /* Release */,
			);
			defaultConfigurationIsVisible = 0;
			defaultConfigurationName = Release;
		};
/* End XCConfigurationList section */
	};
	rootObject = 57CEA13F299BC3250035B463 /* Project object */;
}
